
Microsoft Visual Studio Solution File, Format Version 12.00
# Visual Studio Version 17
VisualStudioVersion = 17.0.31903.59
MinimumVisualStudioVersion = 10.0.40219.1
Project("{2150E333-8FDC-42A3-9474-1A3956D46DE8}") = "src", "src", "{827E0CD3-B72D-47B6-A68D-7590B98EB39B}"
EndProject
Project("{2150E333-8FDC-42A3-9474-1A3956D46DE8}") = "Common", "Common", "{BFF2DF6E-AA54-47C7-211F-79ACCBB4577C}"
EndProject
Project("{2150E333-8FDC-42A3-9474-1A3956D46DE8}") = "Common", "Common", "{18B638EA-1B71-4B21-8B3B-D9FD9732DDE1}"
EndProject
Project("{FAE04EC0-301F-11D3-BF4B-00C04F79EFBC}") = "QuizeMC.Common", "src\Common\Common\QuizeMC.Common.csproj", "{9268BEDE-E1E2-49E4-B78E-233F26EDB379}"
EndProject
Project("{2150E333-8FDC-42A3-9474-1A3956D46DE8}") = "Infrastructure", "Infrastructure", "{A7EAD07E-B348-E71A-606D-22094D44EB26}"
EndProject
Project("{FAE04EC0-301F-11D3-BF4B-00C04F79EFBC}") = "QuizeMC.Infrastructure.Common", "src\Common\Infrastructure\QuizeMC.Infrastructure.Common.csproj", "{24DB517D-5E75-4B72-86C7-854388D6D2CB}"
EndProject
Project("{2150E333-8FDC-42A3-9474-1A3956D46DE8}") = "Domain", "Domain", "{8B290487-4C16-E85E-E807-F579CBE9FC4D}"
EndProject
Project("{2150E333-8FDC-42A3-9474-1A3956D46DE8}") = "Domain", "Domain", "{9EDC3ACE-436C-4988-14E8-0CA6AB658E33}"
EndProject
Project("{FAE04EC0-301F-11D3-BF4B-00C04F79EFBC}") = "QuizeMC.Domain", "src\Domain\Domain\QuizeMC.Domain.csproj", "{D883072B-FA56-4C98-AF06-6C08001AA624}"
EndProject
Project("{2150E333-8FDC-42A3-9474-1A3956D46DE8}") = "ValueObjects", "ValueObjects", "{3EE8E834-F33C-20D7-C569-81A8BFAFDB55}"
EndProject
Project("{FAE04EC0-301F-11D3-BF4B-00C04F79EFBC}") = "QuizeMC.Domain.ValueObjects", "src\Domain\ValueObjects\QuizeMC.Domain.ValueObjects.csproj", "{06680F09-4027-4D68-BE3F-007061A1A388}"
EndProject
Project("{2150E333-8FDC-42A3-9474-1A3956D46DE8}") = "Repositories.Abstractions", "Repositories.Abstractions", "{F2DF316E-FED2-9B94-DB54-19EA5773DF34}"
EndProject
Project("{FAE04EC0-301F-11D3-BF4B-00C04F79EFBC}") = "QuizeMC.Domain.Repositories.Abstractions", "src\Domain\Repositories.Abstractions\QuizeMC.Domain.Repositories.Abstractions.csproj", "{03106D4A-F534-4A74-AFA7-1F626BBD7A5B}"
EndProject
Project("{2150E333-8FDC-42A3-9474-1A3956D46DE8}") = "Services", "Services", "{4E740465-EDFC-E67A-B8DC-BD57B1A999B7}"
EndProject
Project("{FAE04EC0-301F-11D3-BF4B-00C04F79EFBC}") = "QuizeMC.Domain.Services", "src\Domain\Services\QuizeMC.Domain.Services.csproj", "{4209982D-1C72-41C9-BFAD-A8ACC4A6EF82}"
EndProject
Project("{2150E333-8FDC-42A3-9474-1A3956D46DE8}") = "Application", "Application", "{22BAF98C-8415-17C4-B26A-D537657BC863}"
EndProject
Project("{2150E333-8FDC-42A3-9474-1A3956D46DE8}") = "Models", "Models", "{09754239-2403-FCAB-0A09-568A516907DF}"
EndProject
Project("{FAE04EC0-301F-11D3-BF4B-00C04F79EFBC}") = "QuizeMC.Application.Models", "src\Application\Models\QuizeMC.Application.Models.csproj", "{B0219070-956E-454D-BA8E-F91B70277554}"
EndProject
Project("{2150E333-8FDC-42A3-9474-1A3956D46DE8}") = "Services", "Services", "{068A0C05-2071-6F76-041A-8BB1D62518A9}"
EndProject
Project("{FAE04EC0-301F-11D3-BF4B-00C04F79EFBC}") = "QuizeMC.Application.Services", "src\Application\Services\QuizeMC.Application.Services.csproj", "{07C36B9C-4F4C-4C56-AA43-FDC31D8E3D3F}"
EndProject
Project("{2150E333-8FDC-42A3-9474-1A3956D46DE8}") = "Infrastructure", "Infrastructure", "{9048EB7F-3875-A59E-E36B-5BD4C6F2A282}"
EndProject
Project("{2150E333-8FDC-42A3-9474-1A3956D46DE8}") = "EntityFramework", "EntityFramework", "{F8DDA1FC-1A8B-C73F-09CA-103F7980A6DF}"
EndProject
Project("{FAE04EC0-301F-11D3-BF4B-00C04F79EFBC}") = "QuizeMC.Infrastructure.EntityFramework", "src\Infrastructure\EntityFramework\QuizeMC.Infrastructure.EntityFramework.csproj", "{8A72787B-C314-4523-AF33-E3EDBA84903E}"
EndProject
Project("{2150E333-8FDC-42A3-9474-1A3956D46DE8}") = "Repositories.Implementations", "Repositories.Implementations", "{13D026EB-9E92-AF47-FF33-6C0F6C3BA1AF}"
EndProject
Project("{FAE04EC0-301F-11D3-BF4B-00C04F79EFBC}") = "QuizeMC.Infrastructure.Repositories.Implementations", "src\Infrastructure\Repositories.Implementations\QuizeMC.Infrastructure.Repositories.Implementations.csproj", "{E0356F83-639B-4E5A-BC9F-F8F165B5E715}"
EndProject
Project("{2150E333-8FDC-42A3-9474-1A3956D46DE8}") = "Presentation", "Presentation", "{6996BBF7-DB31-59BC-C7DD-9A7CCC6138C4}"
EndProject
Project("{2150E333-8FDC-42A3-9474-1A3956D46DE8}") = "WebHost", "WebHost", "{9681C267-A9B1-2577-2797-0D03998392BB}"
EndProject
Project("{FAE04EC0-301F-11D3-BF4B-00C04F79EFBC}") = "QuizeMC.Presentation.WebHost", "src\Presentation\WebHost\QuizeMC.Presentation.WebHost.csproj", "{14AC84D9-D29D-4068-9600-CF71F0240C81}"
EndProject
Global
	GlobalSection(SolutionConfigurationPlatforms) = preSolution
		Debug|Any CPU = Debug|Any CPU
		Debug|x64 = Debug|x64
		Debug|x86 = Debug|x86
		Release|Any CPU = Release|Any CPU
		Release|x64 = Release|x64
		Release|x86 = Release|x86
	EndGlobalSection
	GlobalSection(ProjectConfigurationPlatforms) = postSolution
		{9268BEDE-E1E2-49E4-B78E-233F26EDB379}.Debug|Any CPU.ActiveCfg = Debug|Any CPU
		{9268BEDE-E1E2-49E4-B78E-233F26EDB379}.Debug|Any CPU.Build.0 = Debug|Any CPU
		{9268BEDE-E1E2-49E4-B78E-233F26EDB379}.Debug|x64.ActiveCfg = Debug|Any CPU
		{9268BEDE-E1E2-49E4-B78E-233F26EDB379}.Debug|x64.Build.0 = Debug|Any CPU
		{9268BEDE-E1E2-49E4-B78E-233F26EDB379}.Debug|x86.ActiveCfg = Debug|Any CPU
		{9268BEDE-E1E2-49E4-B78E-233F26EDB379}.Debug|x86.Build.0 = Debug|Any CPU
		{9268BEDE-E1E2-49E4-B78E-233F26EDB379}.Release|Any CPU.ActiveCfg = Release|Any CPU
		{9268BEDE-E1E2-49E4-B78E-233F26EDB379}.Release|Any CPU.Build.0 = Release|Any CPU
		{9268BEDE-E1E2-49E4-B78E-233F26EDB379}.Release|x64.ActiveCfg = Release|Any CPU
		{9268BEDE-E1E2-49E4-B78E-233F26EDB379}.Release|x64.Build.0 = Release|Any CPU
		{9268BEDE-E1E2-49E4-B78E-233F26EDB379}.Release|x86.ActiveCfg = Release|Any CPU
		{9268BEDE-E1E2-49E4-B78E-233F26EDB379}.Release|x86.Build.0 = Release|Any CPU
		{24DB517D-5E75-4B72-86C7-854388D6D2CB}.Debug|Any CPU.ActiveCfg = Debug|Any CPU
		{24DB517D-5E75-4B72-86C7-854388D6D2CB}.Debug|Any CPU.Build.0 = Debug|Any CPU
		{24DB517D-5E75-4B72-86C7-854388D6D2CB}.Debug|x64.ActiveCfg = Debug|Any CPU
		{24DB517D-5E75-4B72-86C7-854388D6D2CB}.Debug|x64.Build.0 = Debug|Any CPU
		{24DB517D-5E75-4B72-86C7-854388D6D2CB}.Debug|x86.ActiveCfg = Debug|Any CPU
		{24DB517D-5E75-4B72-86C7-854388D6D2CB}.Debug|x86.Build.0 = Debug|Any CPU
		{24DB517D-5E75-4B72-86C7-854388D6D2CB}.Release|Any CPU.ActiveCfg = Release|Any CPU
		{24DB517D-5E75-4B72-86C7-854388D6D2CB}.Release|Any CPU.Build.0 = Release|Any CPU
		{24DB517D-5E75-4B72-86C7-854388D6D2CB}.Release|x64.ActiveCfg = Release|Any CPU
		{24DB517D-5E75-4B72-86C7-854388D6D2CB}.Release|x64.Build.0 = Release|Any CPU
		{24DB517D-5E75-4B72-86C7-854388D6D2CB}.Release|x86.ActiveCfg = Release|Any CPU
		{24DB517D-5E75-4B72-86C7-854388D6D2CB}.Release|x86.Build.0 = Release|Any CPU
		{D883072B-FA56-4C98-AF06-6C08001AA624}.Debug|Any CPU.ActiveCfg = Debug|Any CPU
		{D883072B-FA56-4C98-AF06-6C08001AA624}.Debug|Any CPU.Build.0 = Debug|Any CPU
		{D883072B-FA56-4C98-AF06-6C08001AA624}.Debug|x64.ActiveCfg = Debug|Any CPU
		{D883072B-FA56-4C98-AF06-6C08001AA624}.Debug|x64.Build.0 = Debug|Any CPU
		{D883072B-FA56-4C98-AF06-6C08001AA624}.Debug|x86.ActiveCfg = Debug|Any CPU
		{D883072B-FA56-4C98-AF06-6C08001AA624}.Debug|x86.Build.0 = Debug|Any CPU
		{D883072B-FA56-4C98-AF06-6C08001AA624}.Release|Any CPU.ActiveCfg = Release|Any CPU
		{D883072B-FA56-4C98-AF06-6C08001AA624}.Release|Any CPU.Build.0 = Release|Any CPU
		{D883072B-FA56-4C98-AF06-6C08001AA624}.Release|x64.ActiveCfg = Release|Any CPU
		{D883072B-FA56-4C98-AF06-6C08001AA624}.Release|x64.Build.0 = Release|Any CPU
		{D883072B-FA56-4C98-AF06-6C08001AA624}.Release|x86.ActiveCfg = Release|Any CPU
		{D883072B-FA56-4C98-AF06-6C08001AA624}.Release|x86.Build.0 = Release|Any CPU
		{06680F09-4027-4D68-BE3F-007061A1A388}.Debug|Any CPU.ActiveCfg = Debug|Any CPU
		{06680F09-4027-4D68-BE3F-007061A1A388}.Debug|Any CPU.Build.0 = Debug|Any CPU
		{06680F09-4027-4D68-BE3F-007061A1A388}.Debug|x64.ActiveCfg = Debug|Any CPU
		{06680F09-4027-4D68-BE3F-007061A1A388}.Debug|x64.Build.0 = Debug|Any CPU
		{06680F09-4027-4D68-BE3F-007061A1A388}.Debug|x86.ActiveCfg = Debug|Any CPU
		{06680F09-4027-4D68-BE3F-007061A1A388}.Debug|x86.Build.0 = Debug|Any CPU
		{06680F09-4027-4D68-BE3F-007061A1A388}.Release|Any CPU.ActiveCfg = Release|Any CPU
		{06680F09-4027-4D68-BE3F-007061A1A388}.Release|Any CPU.Build.0 = Release|Any CPU
		{06680F09-4027-4D68-BE3F-007061A1A388}.Release|x64.ActiveCfg = Release|Any CPU
		{06680F09-4027-4D68-BE3F-007061A1A388}.Release|x64.Build.0 = Release|Any CPU
		{06680F09-4027-4D68-BE3F-007061A1A388}.Release|x86.ActiveCfg = Release|Any CPU
		{06680F09-4027-4D68-BE3F-007061A1A388}.Release|x86.Build.0 = Release|Any CPU
		{03106D4A-F534-4A74-AFA7-1F626BBD7A5B}.Debug|Any CPU.ActiveCfg = Debug|Any CPU
		{03106D4A-F534-4A74-AFA7-1F626BBD7A5B}.Debug|Any CPU.Build.0 = Debug|Any CPU
		{03106D4A-F534-4A74-AFA7-1F626BBD7A5B}.Debug|x64.ActiveCfg = Debug|Any CPU
		{03106D4A-F534-4A74-AFA7-1F626BBD7A5B}.Debug|x64.Build.0 = Debug|Any CPU
		{03106D4A-F534-4A74-AFA7-1F626BBD7A5B}.Debug|x86.ActiveCfg = Debug|Any CPU
		{03106D4A-F534-4A74-AFA7-1F626BBD7A5B}.Debug|x86.Build.0 = Debug|Any CPU
		{03106D4A-F534-4A74-AFA7-1F626BBD7A5B}.Release|Any CPU.ActiveCfg = Release|Any CPU
		{03106D4A-F534-4A74-AFA7-1F626BBD7A5B}.Release|Any CPU.Build.0 = Release|Any CPU
		{03106D4A-F534-4A74-AFA7-1F626BBD7A5B}.Release|x64.ActiveCfg = Release|Any CPU
		{03106D4A-F534-4A74-AFA7-1F626BBD7A5B}.Release|x64.Build.0 = Release|Any CPU
		{03106D4A-F534-4A74-AFA7-1F626BBD7A5B}.Release|x86.ActiveCfg = Release|Any CPU
		{03106D4A-F534-4A74-AFA7-1F626BBD7A5B}.Release|x86.Build.0 = Release|Any CPU
		{4209982D-1C72-41C9-BFAD-A8ACC4A6EF82}.Debug|Any CPU.ActiveCfg = Debug|Any CPU
		{4209982D-1C72-41C9-BFAD-A8ACC4A6EF82}.Debug|Any CPU.Build.0 = Debug|Any CPU
		{4209982D-1C72-41C9-BFAD-A8ACC4A6EF82}.Debug|x64.ActiveCfg = Debug|Any CPU
		{4209982D-1C72-41C9-BFAD-A8ACC4A6EF82}.Debug|x64.Build.0 = Debug|Any CPU
		{4209982D-1C72-41C9-BFAD-A8ACC4A6EF82}.Debug|x86.ActiveCfg = Debug|Any CPU
		{4209982D-1C72-41C9-BFAD-A8ACC4A6EF82}.Debug|x86.Build.0 = Debug|Any CPU
		{4209982D-1C72-41C9-BFAD-A8ACC4A6EF82}.Release|Any CPU.ActiveCfg = Release|Any CPU
		{4209982D-1C72-41C9-BFAD-A8ACC4A6EF82}.Release|Any CPU.Build.0 = Release|Any CPU
		{4209982D-1C72-41C9-BFAD-A8ACC4A6EF82}.Release|x64.ActiveCfg = Release|Any CPU
		{4209982D-1C72-41C9-BFAD-A8ACC4A6EF82}.Release|x64.Build.0 = Release|Any CPU
		{4209982D-1C72-41C9-BFAD-A8ACC4A6EF82}.Release|x86.ActiveCfg = Release|Any CPU
		{4209982D-1C72-41C9-BFAD-A8ACC4A6EF82}.Release|x86.Build.0 = Release|Any CPU
		{B0219070-956E-454D-BA8E-F91B70277554}.Debug|Any CPU.ActiveCfg = Debug|Any CPU
		{B0219070-956E-454D-BA8E-F91B70277554}.Debug|Any CPU.Build.0 = Debug|Any CPU
		{B0219070-956E-454D-BA8E-F91B70277554}.Debug|x64.ActiveCfg = Debug|Any CPU
		{B0219070-956E-454D-BA8E-F91B70277554}.Debug|x64.Build.0 = Debug|Any CPU
		{B0219070-956E-454D-BA8E-F91B70277554}.Debug|x86.ActiveCfg = Debug|Any CPU
		{B0219070-956E-454D-BA8E-F91B70277554}.Debug|x86.Build.0 = Debug|Any CPU
		{B0219070-956E-454D-BA8E-F91B70277554}.Release|Any CPU.ActiveCfg = Release|Any CPU
		{B0219070-956E-454D-BA8E-F91B70277554}.Release|Any CPU.Build.0 = Release|Any CPU
		{B0219070-956E-454D-BA8E-F91B70277554}.Release|x64.ActiveCfg = Release|Any CPU
		{B0219070-956E-454D-BA8E-F91B70277554}.Release|x64.Build.0 = Release|Any CPU
		{B0219070-956E-454D-BA8E-F91B70277554}.Release|x86.ActiveCfg = Release|Any CPU
		{B0219070-956E-454D-BA8E-F91B70277554}.Release|x86.Build.0 = Release|Any CPU
		{07C36B9C-4F4C-4C56-AA43-FDC31D8E3D3F}.Debug|Any CPU.ActiveCfg = Debug|Any CPU
		{07C36B9C-4F4C-4C56-AA43-FDC31D8E3D3F}.Debug|Any CPU.Build.0 = Debug|Any CPU
		{07C36B9C-4F4C-4C56-AA43-FDC31D8E3D3F}.Debug|x64.ActiveCfg = Debug|Any CPU
		{07C36B9C-4F4C-4C56-AA43-FDC31D8E3D3F}.Debug|x64.Build.0 = Debug|Any CPU
		{07C36B9C-4F4C-4C56-AA43-FDC31D8E3D3F}.Debug|x86.ActiveCfg = Debug|Any CPU
		{07C36B9C-4F4C-4C56-AA43-FDC31D8E3D3F}.Debug|x86.Build.0 = Debug|Any CPU
		{07C36B9C-4F4C-4C56-AA43-FDC31D8E3D3F}.Release|Any CPU.ActiveCfg = Release|Any CPU
		{07C36B9C-4F4C-4C56-AA43-FDC31D8E3D3F}.Release|Any CPU.Build.0 = Release|Any CPU
		{07C36B9C-4F4C-4C56-AA43-FDC31D8E3D3F}.Release|x64.ActiveCfg = Release|Any CPU
		{07C36B9C-4F4C-4C56-AA43-FDC31D8E3D3F}.Release|x64.Build.0 = Release|Any CPU
		{07C36B9C-4F4C-4C56-AA43-FDC31D8E3D3F}.Release|x86.ActiveCfg = Release|Any CPU
		{07C36B9C-4F4C-4C56-AA43-FDC31D8E3D3F}.Release|x86.Build.0 = Release|Any CPU
		{8A72787B-C314-4523-AF33-E3EDBA84903E}.Debug|Any CPU.ActiveCfg = Debug|Any CPU
		{8A72787B-C314-4523-AF33-E3EDBA84903E}.Debug|Any CPU.Build.0 = Debug|Any CPU
		{8A72787B-C314-4523-AF33-E3EDBA84903E}.Debug|x64.ActiveCfg = Debug|Any CPU
		{8A72787B-C314-4523-AF33-E3EDBA84903E}.Debug|x64.Build.0 = Debug|Any CPU
		{8A72787B-C314-4523-AF33-E3EDBA84903E}.Debug|x86.ActiveCfg = Debug|Any CPU
		{8A72787B-C314-4523-AF33-E3EDBA84903E}.Debug|x86.Build.0 = Debug|Any CPU
		{8A72787B-C314-4523-AF33-E3EDBA84903E}.Release|Any CPU.ActiveCfg = Release|Any CPU
		{8A72787B-C314-4523-AF33-E3EDBA84903E}.Release|Any CPU.Build.0 = Release|Any CPU
		{8A72787B-C314-4523-AF33-E3EDBA84903E}.Release|x64.ActiveCfg = Release|Any CPU
		{8A72787B-C314-4523-AF33-E3EDBA84903E}.Release|x64.Build.0 = Release|Any CPU
		{8A72787B-C314-4523-AF33-E3EDBA84903E}.Release|x86.ActiveCfg = Release|Any CPU
		{8A72787B-C314-4523-AF33-E3EDBA84903E}.Release|x86.Build.0 = Release|Any CPU
		{E0356F83-639B-4E5A-BC9F-F8F165B5E715}.Debug|Any CPU.ActiveCfg = Debug|Any CPU
		{E0356F83-639B-4E5A-BC9F-F8F165B5E715}.Debug|Any CPU.Build.0 = Debug|Any CPU
		{E0356F83-639B-4E5A-BC9F-F8F165B5E715}.Debug|x64.ActiveCfg = Debug|Any CPU
		{E0356F83-639B-4E5A-BC9F-F8F165B5E715}.Debug|x64.Build.0 = Debug|Any CPU
		{E0356F83-639B-4E5A-BC9F-F8F165B5E715}.Debug|x86.ActiveCfg = Debug|Any CPU
		{E0356F83-639B-4E5A-BC9F-F8F165B5E715}.Debug|x86.Build.0 = Debug|Any CPU
		{E0356F83-639B-4E5A-BC9F-F8F165B5E715}.Release|Any CPU.ActiveCfg = Release|Any CPU
		{E0356F83-639B-4E5A-BC9F-F8F165B5E715}.Release|Any CPU.Build.0 = Release|Any CPU
		{E0356F83-639B-4E5A-BC9F-F8F165B5E715}.Release|x64.ActiveCfg = Release|Any CPU
		{E0356F83-639B-4E5A-BC9F-F8F165B5E715}.Release|x64.Build.0 = Release|Any CPU
		{E0356F83-639B-4E5A-BC9F-F8F165B5E715}.Release|x86.ActiveCfg = Release|Any CPU
		{E0356F83-639B-4E5A-BC9F-F8F165B5E715}.Release|x86.Build.0 = Release|Any CPU
		{14AC84D9-D29D-4068-9600-CF71F0240C81}.Debug|Any CPU.ActiveCfg = Debug|Any CPU
		{14AC84D9-D29D-4068-9600-CF71F0240C81}.Debug|Any CPU.Build.0 = Debug|Any CPU
		{14AC84D9-D29D-4068-9600-CF71F0240C81}.Debug|x64.ActiveCfg = Debug|Any CPU
		{14AC84D9-D29D-4068-9600-CF71F0240C81}.Debug|x64.Build.0 = Debug|Any CPU
		{14AC84D9-D29D-4068-9600-CF71F0240C81}.Debug|x86.ActiveCfg = Debug|Any CPU
		{14AC84D9-D29D-4068-9600-CF71F0240C81}.Debug|x86.Build.0 = Debug|Any CPU
		{14AC84D9-D29D-4068-9600-CF71F0240C81}.Release|Any CPU.ActiveCfg = Release|Any CPU
		{14AC84D9-D29D-4068-9600-CF71F0240C81}.Release|Any CPU.Build.0 = Release|Any CPU
		{14AC84D9-D29D-4068-9600-CF71F0240C81}.Release|x64.ActiveCfg = Release|Any CPU
		{14AC84D9-D29D-4068-9600-CF71F0240C81}.Release|x64.Build.0 = Release|Any CPU
		{14AC84D9-D29D-4068-9600-CF71F0240C81}.Release|x86.ActiveCfg = Release|Any CPU
		{14AC84D9-D29D-4068-9600-CF71F0240C81}.Release|x86.Build.0 = Release|Any CPU
	EndGlobalSection
	GlobalSection(SolutionProperties) = preSolution
		HideSolutionNode = FALSE
	EndGlobalSection
	GlobalSection(NestedProjects) = preSolution
		{BFF2DF6E-AA54-47C7-211F-79ACCBB4577C} = {827E0CD3-B72D-47B6-A68D-7590B98EB39B}
		{18B638EA-1B71-4B21-8B3B-D9FD9732DDE1} = {BFF2DF6E-AA54-47C7-211F-79ACCBB4577C}
		{9268BEDE-E1E2-49E4-B78E-233F26EDB379} = {18B638EA-1B71-4B21-8B3B-D9FD9732DDE1}
		{A7EAD07E-B348-E71A-606D-22094D44EB26} = {BFF2DF6E-AA54-47C7-211F-79ACCBB4577C}
		{24DB517D-5E75-4B72-86C7-854388D6D2CB} = {A7EAD07E-B348-E71A-606D-22094D44EB26}
		{8B290487-4C16-E85E-E807-F579CBE9FC4D} = {827E0CD3-B72D-47B6-A68D-7590B98EB39B}
		{9EDC3ACE-436C-4988-14E8-0CA6AB658E33} = {8B290487-4C16-E85E-E807-F579CBE9FC4D}
		{D883072B-FA56-4C98-AF06-6C08001AA624} = {9EDC3ACE-436C-4988-14E8-0CA6AB658E33}
		{3EE8E834-F33C-20D7-C569-81A8BFAFDB55} = {8B290487-4C16-E85E-E807-F579CBE9FC4D}
		{06680F09-4027-4D68-BE3F-007061A1A388} = {3EE8E834-F33C-20D7-C569-81A8BFAFDB55}
		{F2DF316E-FED2-9B94-DB54-19EA5773DF34} = {8B290487-4C16-E85E-E807-F579CBE9FC4D}
		{03106D4A-F534-4A74-AFA7-1F626BBD7A5B} = {F2DF316E-FED2-9B94-DB54-19EA5773DF34}
		{4E740465-EDFC-E67A-B8DC-BD57B1A999B7} = {8B290487-4C16-E85E-E807-F579CBE9FC4D}
		{4209982D-1C72-41C9-BFAD-A8ACC4A6EF82} = {4E740465-EDFC-E67A-B8DC-BD57B1A999B7}
		{22BAF98C-8415-17C4-B26A-D537657BC863} = {827E0CD3-B72D-47B6-A68D-7590B98EB39B}
		{09754239-2403-FCAB-0A09-568A516907DF} = {22BAF98C-8415-17C4-B26A-D537657BC863}
		{B0219070-956E-454D-BA8E-F91B70277554} = {09754239-2403-FCAB-0A09-568A516907DF}
		{068A0C05-2071-6F76-041A-8BB1D62518A9} = {22BAF98C-8415-17C4-B26A-D537657BC863}
		{07C36B9C-4F4C-4C56-AA43-FDC31D8E3D3F} = {068A0C05-2071-6F76-041A-8BB1D62518A9}
		{9048EB7F-3875-A59E-E36B-5BD4C6F2A282} = {827E0CD3-B72D-47B6-A68D-7590B98EB39B}
		{F8DDA1FC-1A8B-C73F-09CA-103F7980A6DF} = {9048EB7F-3875-A59E-E36B-5BD4C6F2A282}
		{8A72787B-C314-4523-AF33-E3EDBA84903E} = {F8DDA1FC-1A8B-C73F-09CA-103F7980A6DF}
		{13D026EB-9E92-AF47-FF33-6C0F6C3BA1AF} = {9048EB7F-3875-A59E-E36B-5BD4C6F2A282}
		{E0356F83-639B-4E5A-BC9F-F8F165B5E715} = {13D026EB-9E92-AF47-FF33-6C0F6C3BA1AF}
		{6996BBF7-DB31-59BC-C7DD-9A7CCC6138C4} = {827E0CD3-B72D-47B6-A68D-7590B98EB39B}
		{9681C267-A9B1-2577-2797-0D03998392BB} = {6996BBF7-DB31-59BC-C7DD-9A7CCC6138C4}
		{14AC84D9-D29D-4068-9600-CF71F0240C81} = {9681C267-A9B1-2577-2797-0D03998392BB}
	EndGlobalSection
EndGlobal
