
Microsoft Visual Studio Solution File, Format Version 12.00
# Visual Studio Version 17
VisualStudioVersion = 17.13.35931.197
MinimumVisualStudioVersion = 10.0.40219.1
Project("{FAE04EC0-301F-11D3-BF4B-00C04F79EFBC}") = "QuizeMC", "QuizeMC.csproj", "{39247719-A898-40DF-80A2-B5071EA24C1D}"
	ProjectSection(ProjectDependencies) = postProject
		{99543492-C684-43D0-9637-CDE7E9382050} = {99543492-C684-43D0-9637-CDE7E9382050}
	EndProjectSection
EndProject
Project("{FAE04EC0-301F-11D3-BF4B-00C04F79EFBC}") = "Domain", "Domain\Domain.csproj", "{99543492-C684-43D0-9637-CDE7E9382050}"
EndProject
Project("{FAE04EC0-301F-11D3-BF4B-00C04F79EFBC}") = "ValueObjects", "ValueObjects\ValueObjects.csproj", "{04608B04-E977-4E2E-9673-3202959603DC}"
EndProject
Project("{FAE04EC0-301F-11D3-BF4B-00C04F79EFBC}") = "Repositories.Abstractions", "Repositories.Abstractions\Repositories.Abstractions.csproj", "{C73399CA-740B-4F44-BB0B-67CBBD7AE953}"
EndProject
Project("{2150E333-8FDC-42A3-9474-1A3956D46DE8}") = "Domain", "Domain", "{36D591C7-65C7-A0D1-1CBC-10CDE441BDC8}"
EndProject
Project("{2150E333-8FDC-42A3-9474-1A3956D46DE8}") = "Application", "Application", "{967E4732-8D95-4CCE-A68B-6BEA63D819FD}"
EndProject
Project("{2150E333-8FDC-42A3-9474-1A3956D46DE8}") = "Infrastructure", "Infrastructure", "{3869037E-C6E0-4042-BA86-988D0C33F857}"
EndProject
Project("{2150E333-8FDC-42A3-9474-1A3956D46DE8}") = "Presentation", "Presentation", "{5FF3E7AB-7739-44E6-83DE-B4571AC611B4}"
EndProject
Project("{FAE04EC0-301F-11D3-BF4B-00C04F79EFBC}") = "Models", "..\Models\Models.csproj", "{B2FF3A80-CD10-4145-BEFA-F1B13C82AABA}"
EndProject
Project("{2150E333-8FDC-42A3-9474-1A3956D46DE8}") = "Common", "Common", "{05D4A616-E1AD-43D8-8AC0-A108AE5ACE51}"
EndProject
Project("{FAE04EC0-301F-11D3-BF4B-00C04F79EFBC}") = "Common", "Common\Common.csproj", "{87740E4C-1661-43B7-B356-4317BA8CA6B3}"
EndProject
Project("{FAE04EC0-301F-11D3-BF4B-00C04F79EFBC}") = "Infrastructure", "Infrastructure\Infrastructure.csproj", "{A34C2388-B76C-4421-A6E7-8EA17C4204EA}"
EndProject
Project("{FAE04EC0-301F-11D3-BF4B-00C04F79EFBC}") = "Services", "Services\Services.csproj", "{FC45AF7C-3CD4-4789-843B-DC2A6C3E1DF0}"
EndProject
Project("{FAE04EC0-301F-11D3-BF4B-00C04F79EFBC}") = "EntityFramework", "EntityFramework\EntityFramework.csproj", "{092E6AD1-F703-4FFD-8A6F-4611D95BBA53}"
EndProject
Project("{FAE04EC0-301F-11D3-BF4B-00C04F79EFBC}") = "MediatR", "..\MediatR\MediatR.csproj", "{905731C7-4800-4308-A269-800C0EC0F2D0}"
EndProject
Project("{FAE04EC0-301F-11D3-BF4B-00C04F79EFBC}") = "Queues", "..\Queues\Queues.csproj", "{AEDF3E7C-DC51-413D-A21B-AD12AC19D766}"
EndProject
Project("{FAE04EC0-301F-11D3-BF4B-00C04F79EFBC}") = "RabbitMQ", "..\RabbitMQ\RabbitMQ.csproj", "{960FD9EE-DC08-4665-BB74-7CA9E31EEF1D}"
EndProject
Project("{FAE04EC0-301F-11D3-BF4B-00C04F79EFBC}") = "Repositories.Implementations", "..\Repositories.Implementations\Repositories.Implementations.csproj", "{B496548B-4E31-4455-9733-D8E7D41677BA}"
EndProject
Global
	GlobalSection(SolutionConfigurationPlatforms) = preSolution
		Debug|Any CPU = Debug|Any CPU
		Release|Any CPU = Release|Any CPU
	EndGlobalSection
	GlobalSection(ProjectConfigurationPlatforms) = postSolution
		{39247719-A898-40DF-80A2-B5071EA24C1D}.Debug|Any CPU.ActiveCfg = Debug|Any CPU
		{39247719-A898-40DF-80A2-B5071EA24C1D}.Debug|Any CPU.Build.0 = Debug|Any CPU
		{39247719-A898-40DF-80A2-B5071EA24C1D}.Release|Any CPU.ActiveCfg = Release|Any CPU
		{39247719-A898-40DF-80A2-B5071EA24C1D}.Release|Any CPU.Build.0 = Release|Any CPU
		{99543492-C684-43D0-9637-CDE7E9382050}.Debug|Any CPU.ActiveCfg = Debug|Any CPU
		{99543492-C684-43D0-9637-CDE7E9382050}.Debug|Any CPU.Build.0 = Debug|Any CPU
		{99543492-C684-43D0-9637-CDE7E9382050}.Release|Any CPU.ActiveCfg = Release|Any CPU
		{99543492-C684-43D0-9637-CDE7E9382050}.Release|Any CPU.Build.0 = Release|Any CPU
		{04608B04-E977-4E2E-9673-3202959603DC}.Debug|Any CPU.ActiveCfg = Debug|Any CPU
		{04608B04-E977-4E2E-9673-3202959603DC}.Debug|Any CPU.Build.0 = Debug|Any CPU
		{04608B04-E977-4E2E-9673-3202959603DC}.Release|Any CPU.ActiveCfg = Release|Any CPU
		{04608B04-E977-4E2E-9673-3202959603DC}.Release|Any CPU.Build.0 = Release|Any CPU
		{C73399CA-740B-4F44-BB0B-67CBBD7AE953}.Debug|Any CPU.ActiveCfg = Debug|Any CPU
		{C73399CA-740B-4F44-BB0B-67CBBD7AE953}.Debug|Any CPU.Build.0 = Debug|Any CPU
		{C73399CA-740B-4F44-BB0B-67CBBD7AE953}.Release|Any CPU.ActiveCfg = Release|Any CPU
		{C73399CA-740B-4F44-BB0B-67CBBD7AE953}.Release|Any CPU.Build.0 = Release|Any CPU
		{B2FF3A80-CD10-4145-BEFA-F1B13C82AABA}.Debug|Any CPU.ActiveCfg = Debug|Any CPU
		{B2FF3A80-CD10-4145-BEFA-F1B13C82AABA}.Debug|Any CPU.Build.0 = Debug|Any CPU
		{B2FF3A80-CD10-4145-BEFA-F1B13C82AABA}.Release|Any CPU.ActiveCfg = Release|Any CPU
		{B2FF3A80-CD10-4145-BEFA-F1B13C82AABA}.Release|Any CPU.Build.0 = Release|Any CPU
		{87740E4C-1661-43B7-B356-4317BA8CA6B3}.Debug|Any CPU.ActiveCfg = Debug|Any CPU
		{87740E4C-1661-43B7-B356-4317BA8CA6B3}.Debug|Any CPU.Build.0 = Debug|Any CPU
		{87740E4C-1661-43B7-B356-4317BA8CA6B3}.Release|Any CPU.ActiveCfg = Release|Any CPU
		{87740E4C-1661-43B7-B356-4317BA8CA6B3}.Release|Any CPU.Build.0 = Release|Any CPU
		{A34C2388-B76C-4421-A6E7-8EA17C4204EA}.Debug|Any CPU.ActiveCfg = Debug|Any CPU
		{A34C2388-B76C-4421-A6E7-8EA17C4204EA}.Debug|Any CPU.Build.0 = Debug|Any CPU
		{A34C2388-B76C-4421-A6E7-8EA17C4204EA}.Release|Any CPU.ActiveCfg = Release|Any CPU
		{A34C2388-B76C-4421-A6E7-8EA17C4204EA}.Release|Any CPU.Build.0 = Release|Any CPU
		{FC45AF7C-3CD4-4789-843B-DC2A6C3E1DF0}.Debug|Any CPU.ActiveCfg = Debug|Any CPU
		{FC45AF7C-3CD4-4789-843B-DC2A6C3E1DF0}.Debug|Any CPU.Build.0 = Debug|Any CPU
		{FC45AF7C-3CD4-4789-843B-DC2A6C3E1DF0}.Release|Any CPU.ActiveCfg = Release|Any CPU
		{FC45AF7C-3CD4-4789-843B-DC2A6C3E1DF0}.Release|Any CPU.Build.0 = Release|Any CPU
		{092E6AD1-F703-4FFD-8A6F-4611D95BBA53}.Debug|Any CPU.ActiveCfg = Debug|Any CPU
		{092E6AD1-F703-4FFD-8A6F-4611D95BBA53}.Debug|Any CPU.Build.0 = Debug|Any CPU
		{092E6AD1-F703-4FFD-8A6F-4611D95BBA53}.Release|Any CPU.ActiveCfg = Release|Any CPU
		{092E6AD1-F703-4FFD-8A6F-4611D95BBA53}.Release|Any CPU.Build.0 = Release|Any CPU
		{905731C7-4800-4308-A269-800C0EC0F2D0}.Debug|Any CPU.ActiveCfg = Debug|Any CPU
		{905731C7-4800-4308-A269-800C0EC0F2D0}.Debug|Any CPU.Build.0 = Debug|Any CPU
		{905731C7-4800-4308-A269-800C0EC0F2D0}.Release|Any CPU.ActiveCfg = Release|Any CPU
		{905731C7-4800-4308-A269-800C0EC0F2D0}.Release|Any CPU.Build.0 = Release|Any CPU
		{AEDF3E7C-DC51-413D-A21B-AD12AC19D766}.Debug|Any CPU.ActiveCfg = Debug|Any CPU
		{AEDF3E7C-DC51-413D-A21B-AD12AC19D766}.Debug|Any CPU.Build.0 = Debug|Any CPU
		{AEDF3E7C-DC51-413D-A21B-AD12AC19D766}.Release|Any CPU.ActiveCfg = Release|Any CPU
		{AEDF3E7C-DC51-413D-A21B-AD12AC19D766}.Release|Any CPU.Build.0 = Release|Any CPU
		{960FD9EE-DC08-4665-BB74-7CA9E31EEF1D}.Debug|Any CPU.ActiveCfg = Debug|Any CPU
		{960FD9EE-DC08-4665-BB74-7CA9E31EEF1D}.Debug|Any CPU.Build.0 = Debug|Any CPU
		{960FD9EE-DC08-4665-BB74-7CA9E31EEF1D}.Release|Any CPU.ActiveCfg = Release|Any CPU
		{960FD9EE-DC08-4665-BB74-7CA9E31EEF1D}.Release|Any CPU.Build.0 = Release|Any CPU
		{B496548B-4E31-4455-9733-D8E7D41677BA}.Debug|Any CPU.ActiveCfg = Debug|Any CPU
		{B496548B-4E31-4455-9733-D8E7D41677BA}.Debug|Any CPU.Build.0 = Debug|Any CPU
		{B496548B-4E31-4455-9733-D8E7D41677BA}.Release|Any CPU.ActiveCfg = Release|Any CPU
		{B496548B-4E31-4455-9733-D8E7D41677BA}.Release|Any CPU.Build.0 = Release|Any CPU
	EndGlobalSection
	GlobalSection(SolutionProperties) = preSolution
		HideSolutionNode = FALSE
	EndGlobalSection
	GlobalSection(NestedProjects) = preSolution
		{99543492-C684-43D0-9637-CDE7E9382050} = {36D591C7-65C7-A0D1-1CBC-10CDE441BDC8}
		{04608B04-E977-4E2E-9673-3202959603DC} = {36D591C7-65C7-A0D1-1CBC-10CDE441BDC8}
		{C73399CA-740B-4F44-BB0B-67CBBD7AE953} = {36D591C7-65C7-A0D1-1CBC-10CDE441BDC8}
		{B2FF3A80-CD10-4145-BEFA-F1B13C82AABA} = {967E4732-8D95-4CCE-A68B-6BEA63D819FD}
		{87740E4C-1661-43B7-B356-4317BA8CA6B3} = {05D4A616-E1AD-43D8-8AC0-A108AE5ACE51}
		{A34C2388-B76C-4421-A6E7-8EA17C4204EA} = {05D4A616-E1AD-43D8-8AC0-A108AE5ACE51}
		{FC45AF7C-3CD4-4789-843B-DC2A6C3E1DF0} = {967E4732-8D95-4CCE-A68B-6BEA63D819FD}
		{092E6AD1-F703-4FFD-8A6F-4611D95BBA53} = {3869037E-C6E0-4042-BA86-988D0C33F857}
		{905731C7-4800-4308-A269-800C0EC0F2D0} = {3869037E-C6E0-4042-BA86-988D0C33F857}
		{AEDF3E7C-DC51-413D-A21B-AD12AC19D766} = {3869037E-C6E0-4042-BA86-988D0C33F857}
		{960FD9EE-DC08-4665-BB74-7CA9E31EEF1D} = {3869037E-C6E0-4042-BA86-988D0C33F857}
		{B496548B-4E31-4455-9733-D8E7D41677BA} = {3869037E-C6E0-4042-BA86-988D0C33F857}
	EndGlobalSection
	GlobalSection(ExtensibilityGlobals) = postSolution
		SolutionGuid = {43BDC929-9E7B-41BC-B5DD-D12F3AEA7EFB}
	EndGlobalSection
EndGlobal
